
Microsoft Visual Studio Solution File, Format Version 12.00
# Visual Studio Version 16
VisualStudioVersion = 16.0.31515.178
MinimumVisualStudioVersion = 10.0.40219.1
Project("{FAE04EC0-301F-11D3-BF4B-00C04F79EFBC}") = "templatedemo", "templatedemo\templatedemo.csproj", "{4C3DA4C0-FD78-40FC-8E90-D82D3DFCAF9D}"
EndProject
Global
	GlobalSection(SolutionConfigurationPlatforms) = preSolution
		Debug|Any CPU = Debug|Any CPU
		Release|Any CPU = Release|Any CPU
	EndGlobalSection
	GlobalSection(ProjectConfigurationPlatforms) = postSolution
		{4C3DA4C0-FD78-40FC-8E90-D82D3DFCAF9D}.Debug|Any CPU.ActiveCfg = Debug|Any CPU
		{4C3DA4C0-FD78-40FC-8E90-D82D3DFCAF9D}.Debug|Any CPU.Build.0 = Debug|Any CPU
		{4C3DA4C0-FD78-40FC-8E90-D82D3DFCAF9D}.Release|Any CPU.ActiveCfg = Release|Any CPU
		{4C3DA4C0-FD78-40FC-8E90-D82D3DFCAF9D}.Release|Any CPU.Build.0 = Release|Any CPU
	EndGlobalSection
	GlobalSection(SolutionProperties) = preSolution
		HideSolutionNode = FALSE
	EndGlobalSection
	GlobalSection(ExtensibilityGlobals) = postSolution
		SolutionGuid = {43004BB7-8F3C-4A2E-A9DC-508FD9FAB3B1}
	EndGlobalSection
EndGlobal
